
Microsoft Visual Studio Solution File, Format Version 12.00
# Visual Studio Version 16
VisualStudioVersion = 16.0.28803.202
MinimumVisualStudioVersion = 10.0.40219.1
Project("{9A19103F-16F7-4668-BE54-9A1E7A4F7556}") = "SensorsPayloadDecoder.Bosch", "SensorsPayloadDecoder.Bosch\SensorsPayloadDecoder.Bosch.csproj", "{C9A07228-694D-48F9-AB91-29F0C94A3E2B}"
EndProject
Project("{9A19103F-16F7-4668-BE54-9A1E7A4F7556}") = "SensorsPayloadDecoder.Shared", "SensorsPayloadDecoder.Shared\SensorsPayloadDecoder.Shared.csproj", "{B00F286C-FDCA-46C4-B24A-5AA3F6CC0887}"
EndProject
Project("{9A19103F-16F7-4668-BE54-9A1E7A4F7556}") = "SensorsPayloadDecoder.Bosch.Tests", "SensorsPayloadDecoder.Bosch.Tests\SensorsPayloadDecoder.Bosch.Tests.csproj", "{DD7A397A-EDE2-4AFB-9CEB-340C446453E6}"
EndProject
Project("{9A19103F-16F7-4668-BE54-9A1E7A4F7556}") = "SensorsPayloadDecoder.Elsys.ErsEye", "SensorsPayloadDecoder.Elsys.ErsEye\SensorsPayloadDecoder.Elsys.ErsEye.csproj", "{6E23EDD6-D188-463A-A207-B938F45B8F02}"
EndProject
Project("{9A19103F-16F7-4668-BE54-9A1E7A4F7556}") = "SensorsPayloadDecoder.Elsys.ErsEye.Tests", "SensorsPayloadDecoder.Elsys.ErsEye.Tests\SensorsPayloadDecoder.Elsys.ErsEye.Tests.csproj", "{C4CC5E4D-0D6C-49CE-8B36-F65F1AC54D36}"
EndProject
Global
	GlobalSection(SolutionConfigurationPlatforms) = preSolution
		Debug|Any CPU = Debug|Any CPU
		Release|Any CPU = Release|Any CPU
	EndGlobalSection
	GlobalSection(ProjectConfigurationPlatforms) = postSolution
		{C9A07228-694D-48F9-AB91-29F0C94A3E2B}.Debug|Any CPU.ActiveCfg = Debug|Any CPU
		{C9A07228-694D-48F9-AB91-29F0C94A3E2B}.Debug|Any CPU.Build.0 = Debug|Any CPU
		{C9A07228-694D-48F9-AB91-29F0C94A3E2B}.Release|Any CPU.ActiveCfg = Release|Any CPU
		{C9A07228-694D-48F9-AB91-29F0C94A3E2B}.Release|Any CPU.Build.0 = Release|Any CPU
		{B00F286C-FDCA-46C4-B24A-5AA3F6CC0887}.Debug|Any CPU.ActiveCfg = Debug|Any CPU
		{B00F286C-FDCA-46C4-B24A-5AA3F6CC0887}.Debug|Any CPU.Build.0 = Debug|Any CPU
		{B00F286C-FDCA-46C4-B24A-5AA3F6CC0887}.Release|Any CPU.ActiveCfg = Release|Any CPU
		{B00F286C-FDCA-46C4-B24A-5AA3F6CC0887}.Release|Any CPU.Build.0 = Release|Any CPU
		{DD7A397A-EDE2-4AFB-9CEB-340C446453E6}.Debug|Any CPU.ActiveCfg = Debug|Any CPU
		{DD7A397A-EDE2-4AFB-9CEB-340C446453E6}.Debug|Any CPU.Build.0 = Debug|Any CPU
		{DD7A397A-EDE2-4AFB-9CEB-340C446453E6}.Release|Any CPU.ActiveCfg = Release|Any CPU
		{DD7A397A-EDE2-4AFB-9CEB-340C446453E6}.Release|Any CPU.Build.0 = Release|Any CPU
		{6E23EDD6-D188-463A-A207-B938F45B8F02}.Debug|Any CPU.ActiveCfg = Debug|Any CPU
		{6E23EDD6-D188-463A-A207-B938F45B8F02}.Debug|Any CPU.Build.0 = Debug|Any CPU
		{6E23EDD6-D188-463A-A207-B938F45B8F02}.Release|Any CPU.ActiveCfg = Release|Any CPU
		{6E23EDD6-D188-463A-A207-B938F45B8F02}.Release|Any CPU.Build.0 = Release|Any CPU
		{C4CC5E4D-0D6C-49CE-8B36-F65F1AC54D36}.Debug|Any CPU.ActiveCfg = Debug|Any CPU
		{C4CC5E4D-0D6C-49CE-8B36-F65F1AC54D36}.Debug|Any CPU.Build.0 = Debug|Any CPU
		{C4CC5E4D-0D6C-49CE-8B36-F65F1AC54D36}.Release|Any CPU.ActiveCfg = Release|Any CPU
		{C4CC5E4D-0D6C-49CE-8B36-F65F1AC54D36}.Release|Any CPU.Build.0 = Release|Any CPU
	EndGlobalSection
	GlobalSection(SolutionProperties) = preSolution
		HideSolutionNode = FALSE
	EndGlobalSection
	GlobalSection(ExtensibilityGlobals) = postSolution
		SolutionGuid = {E92334B7-0EB4-44BB-9B8D-51BB2DB7B73B}
	EndGlobalSection
EndGlobal
